
Microsoft Visual Studio Solution File, Format Version 12.00
# Visual Studio Version 17
VisualStudioVersion = 17.8.34309.116
MinimumVisualStudioVersion = 10.0.40219.1
Project("{FAE04EC0-301F-11D3-BF4B-00C04F79EFBC}") = "EventCampaigns", "EventCampaigns\EventCampaigns.csproj", "{54B989A2-E7CA-4531-BFAB-0F17BC78B620}"
EndProject
Project("{FAE04EC0-301F-11D3-BF4B-00C04F79EFBC}") = "EventCampaigns.Tests", "EventCampaignsAPI.Tests\EventCampaigns.Tests.csproj", "{313E4BC1-1241-481E-8E45-595B9C15D6B7}"
EndProject
Global
	GlobalSection(SolutionConfigurationPlatforms) = preSolution
		Debug|Any CPU = Debug|Any CPU
		Release|Any CPU = Release|Any CPU
	EndGlobalSection
	GlobalSection(ProjectConfigurationPlatforms) = postSolution
		{54B989A2-E7CA-4531-BFAB-0F17BC78B620}.Debug|Any CPU.ActiveCfg = Debug|Any CPU
		{54B989A2-E7CA-4531-BFAB-0F17BC78B620}.Debug|Any CPU.Build.0 = Debug|Any CPU
		{54B989A2-E7CA-4531-BFAB-0F17BC78B620}.Release|Any CPU.ActiveCfg = Release|Any CPU
		{54B989A2-E7CA-4531-BFAB-0F17BC78B620}.Release|Any CPU.Build.0 = Release|Any CPU
		{313E4BC1-1241-481E-8E45-595B9C15D6B7}.Debug|Any CPU.ActiveCfg = Debug|Any CPU
		{313E4BC1-1241-481E-8E45-595B9C15D6B7}.Debug|Any CPU.Build.0 = Debug|Any CPU
		{313E4BC1-1241-481E-8E45-595B9C15D6B7}.Release|Any CPU.ActiveCfg = Release|Any CPU
		{313E4BC1-1241-481E-8E45-595B9C15D6B7}.Release|Any CPU.Build.0 = Release|Any CPU
	EndGlobalSection
	GlobalSection(SolutionProperties) = preSolution
		HideSolutionNode = FALSE
	EndGlobalSection
	GlobalSection(ExtensibilityGlobals) = postSolution
		SolutionGuid = {210DDEB1-404B-449F-BF0A-5AAC0F49BA94}
	EndGlobalSection
EndGlobal
